
Microsoft Visual Studio Solution File, Format Version 12.00
# Visual Studio Version 17
VisualStudioVersion = 17.4.33205.214
MinimumVisualStudioVersion = 10.0.40219.1
Project("{FAE04EC0-301F-11D3-BF4B-00C04F79EFBC}") = "ExpressRecurrence.Demo", "ExpressRecurrence.Demo\ExpressRecurrence.Demo.csproj", "{7594CC3C-952A-4D4A-AC0D-28CD7A68EBB2}"
EndProject
Project("{9A19103F-16F7-4668-BE54-9A1E7A4F7556}") = "Express.Recurrence", "Express.Recurrence\Express.Recurrence.csproj", "{9D70AC2E-F15F-43CC-A1B2-2245BF7B8C35}"
EndProject
Global
	GlobalSection(SolutionConfigurationPlatforms) = preSolution
		Debug|Any CPU = Debug|Any CPU
		Release|Any CPU = Release|Any CPU
	EndGlobalSection
	GlobalSection(ProjectConfigurationPlatforms) = postSolution
		{7594CC3C-952A-4D4A-AC0D-28CD7A68EBB2}.Debug|Any CPU.ActiveCfg = Debug|Any CPU
		{7594CC3C-952A-4D4A-AC0D-28CD7A68EBB2}.Debug|Any CPU.Build.0 = Debug|Any CPU
		{7594CC3C-952A-4D4A-AC0D-28CD7A68EBB2}.Release|Any CPU.ActiveCfg = Release|Any CPU
		{7594CC3C-952A-4D4A-AC0D-28CD7A68EBB2}.Release|Any CPU.Build.0 = Release|Any CPU
		{9D70AC2E-F15F-43CC-A1B2-2245BF7B8C35}.Debug|Any CPU.ActiveCfg = Debug|Any CPU
		{9D70AC2E-F15F-43CC-A1B2-2245BF7B8C35}.Debug|Any CPU.Build.0 = Debug|Any CPU
		{9D70AC2E-F15F-43CC-A1B2-2245BF7B8C35}.Release|Any CPU.ActiveCfg = Release|Any CPU
		{9D70AC2E-F15F-43CC-A1B2-2245BF7B8C35}.Release|Any CPU.Build.0 = Release|Any CPU
	EndGlobalSection
	GlobalSection(SolutionProperties) = preSolution
		HideSolutionNode = FALSE
	EndGlobalSection
	GlobalSection(ExtensibilityGlobals) = postSolution
		SolutionGuid = {6B2A8A00-5F1D-46D7-85AC-3D74182C0157}
	EndGlobalSection
EndGlobal
